schema: '2.0'
stages:
  data_ingestion:
    cmd: python src/data/data_ingestion.py
    deps:
    - path: src/data/data_ingestion.py
      hash: md5
      md5: 718c6542c1544e202012347b0e49f9a7
      size: 3456
    params:
      params.yaml:
        data_ingestion.test_size: 0.48
    outs:
    - path: data/raw
      hash: md5
      md5: 0b9eedc7b79be606a82bfa5ff0c55fc5.dir
      size: 667530
      nfiles: 2
  data_preprocessing:
    cmd: python src/data/data_preprocessing.py
    deps:
    - path: data/raw
      hash: md5
      md5: 0b9eedc7b79be606a82bfa5ff0c55fc5.dir
      size: 667530
      nfiles: 2
    - path: src/data/data_preprocessing.py
      hash: md5
      md5: a0d0986f1695b3e851d0f37dad4451b8
      size: 2909
    outs:
    - path: data/interim
      hash: md5
      md5: 66f07c13d340ecd1eaa5267f34cc83e2.dir
      size: 412327
      nfiles: 2
  feature_engineering:
    cmd: python src/features/feature_engineering.py
    deps:
    - path: data/interim
      hash: md5
      md5: 66f07c13d340ecd1eaa5267f34cc83e2.dir
      size: 412327
      nfiles: 2
    - path: src/features/feature_engineering.py
      hash: md5
      md5: cfaf71fa8bd1fae8af5abc3cbbe3387b
      size: 3447
    params:
      params.yaml:
        feature_engineering.max_features: 50
    outs:
    - path: data/processed
      hash: md5
      md5: ac845fdd07ace363b28909bcc2bf8997.dir
      size: 51897
      nfiles: 2
    - path: models/vectorizer.pkl
      hash: md5
      md5: 7ad1379510a50629655d91beaf0df109
      size: 1659
  model_building:
    cmd: python src/model/model_building.py
    deps:
    - path: data/processed
      hash: md5
      md5: ac845fdd07ace363b28909bcc2bf8997.dir
      size: 51897
      nfiles: 2
    - path: src/model/model_building.py
      hash: md5
      md5: 0147f56dbbab9cf1065b67f3cf72e473
      size: 1859
    outs:
    - path: models/model.pkl
      hash: md5
      md5: 7ad815e351232f2e73e05c09170b1e17
      size: 1114
  model_evaluation:
    cmd: python src/model/model_evaluation.py
    deps:
    - path: models/model.pkl
      hash: md5
      md5: 7ad815e351232f2e73e05c09170b1e17
      size: 1114
    - path: src/model/model_evaluation.py
      hash: md5
      md5: 731a244957c828a3c24e7ac3f673e23d
      size: 5534
    outs:
    - path: reports/experiment_info.json
      hash: md5
      md5: d2d27ac8febefb1fda453fb8da9e8e8a
      size: 82
    - path: reports/metrics.json
      hash: md5
      md5: 0475458abe28f31d03f43ee4c885430d
      size: 133
  model_registration:
    cmd: python src/model/register_model.py
    deps:
    - path: reports/experiment_info.json
      hash: md5
      md5: d2d27ac8febefb1fda453fb8da9e8e8a
      size: 82
    - path: src/model/register_model.py
      hash: md5
      md5: 2a1254133789443608bc939d8701b455
      size: 3115
