schema: '2.0'
stages:
  data_ingestion:
    cmd: python src/data/data_ingestion.py
    deps:
    - path: src/data/data_ingestion.py
      hash: md5
      md5: 2d37039ce780944d1f21d5e17670e8d9
      size: 3458
    params:
      params.yaml:
        data_ingestion.test_size: 0.35
    outs:
    - path: data/raw
      hash: md5
      md5: 44fa094627335cdfef9ae6ae39dee928.dir
      size: 635475
      nfiles: 2
  data_preprocessing:
    cmd: python src/data/data_preprocessing.py
    deps:
    - path: data/raw
      hash: md5
      md5: 44fa094627335cdfef9ae6ae39dee928.dir
      size: 635475
      nfiles: 2
    - path: src/data/data_preprocessing.py
      hash: md5
      md5: a0d0986f1695b3e851d0f37dad4451b8
      size: 2909
    outs:
    - path: data/interim
      hash: md5
      md5: d69d31c865de94684bcd8814f4c1afc8.dir
      size: 393930
      nfiles: 2
  feature_engineering:
    cmd: python src/features/feature_engineering.py
    deps:
    - path: data/interim
      hash: md5
      md5: d69d31c865de94684bcd8814f4c1afc8.dir
      size: 393930
      nfiles: 2
    - path: src/features/feature_engineering.py
      hash: md5
      md5: cfaf71fa8bd1fae8af5abc3cbbe3387b
      size: 3447
    params:
      params.yaml:
        feature_engineering.max_features: 50
    outs:
    - path: data/processed
      hash: md5
      md5: 539cca2cf44299af86b110996ed47b89.dir
      size: 51891
      nfiles: 2
    - path: models/vectorizer.pkl
      hash: md5
      md5: 8d282b3a34c5bf857f188eb0fbb371d0
      size: 1655
  model_building:
    cmd: python src/model/model_building.py
    deps:
    - path: data/processed
      hash: md5
      md5: 539cca2cf44299af86b110996ed47b89.dir
      size: 51891
      nfiles: 2
    - path: src/model/model_building.py
      hash: md5
      md5: 5262c77711462ba3ee484a3828aa413f
      size: 1859
    outs:
    - path: models/model.pkl
      hash: md5
      md5: 70eda094d4068ed1bab7a5237838270e
      size: 1114
  model_evaluation:
    cmd: python src/model/model_evaluation.py
    deps:
    - path: models/model.pkl
      hash: md5
      md5: 70eda094d4068ed1bab7a5237838270e
      size: 1114
    - path: src/model/model_evaluation.py
      hash: md5
      md5: 7628b735c41e6c20b7ab1f32657b5723
      size: 5533
    outs:
    - path: reports/experiment_info.json
      hash: md5
      md5: 61a795ab60c971b5f229a83c427ec38e
      size: 82
    - path: reports/metrics.json
      hash: md5
      md5: 08964253b064de2d7f4487409c825ed3
      size: 129
  model_registration:
    cmd: python src/model/register_model.py
    deps:
    - path: reports/experiment_info.json
      hash: md5
      md5: 61a795ab60c971b5f229a83c427ec38e
      size: 82
    - path: src/model/register_model.py
      hash: md5
      md5: 2a1254133789443608bc939d8701b455
      size: 3115
